// !$*UTF8*$!
{
	archiveVersion = 1;
	classes = {
	};
	objectVersion = 52;
	objects = {

/* Begin PBXBuildFile section */
		43C1DEE127EB5AFD007939B7 /* Constants.swift in Sources */ = {isa = PBXBuildFile; fileRef = 43C1DEE027EB5AFD007939B7 /* Constants.swift */; };
		5703248E2683323400E5A05A /* WellnestBLE.h in Headers */ = {isa = PBXBuildFile; fileRef = 5703248C2683323400E5A05A /* WellnestBLE.h */; settings = {ATTRIBUTES = (Public, ); }; };
		5703249B2683324E00E5A05A /* CommunicationHandler.swift in Sources */ = {isa = PBXBuildFile; fileRef = 570324952683324E00E5A05A /* CommunicationHandler.swift */; };
		5703249C2683324E00E5A05A /* DataParser.swift in Sources */ = {isa = PBXBuildFile; fileRef = 570324962683324E00E5A05A /* DataParser.swift */; };
		5703249D2683324E00E5A05A /* BLEConnection.swift in Sources */ = {isa = PBXBuildFile; fileRef = 570324972683324E00E5A05A /* BLEConnection.swift */; };
		5703249E2683324E00E5A05A /* WellnestBLE.swift in Sources */ = {isa = PBXBuildFile; fileRef = 570324982683324E00E5A05A /* WellnestBLE.swift */; };
		5703249F2683324E00E5A05A /* MockBLEConnection.swift in Sources */ = {isa = PBXBuildFile; fileRef = 570324992683324E00E5A05A /* MockBLEConnection.swift */; };
		570324A02683324E00E5A05A /* WellnestPeripheral.swift in Sources */ = {isa = PBXBuildFile; fileRef = 5703249A2683324E00E5A05A /* WellnestPeripheral.swift */; };
		570324A42683329E00E5A05A /* CryptoSwift in Frameworks */ = {isa = PBXBuildFile; productRef = 570324A32683329E00E5A05A /* CryptoSwift */; };
		570324B526833C6E00E5A05A /* readme.md in Resources */ = {isa = PBXBuildFile; fileRef = 570324B426833C6E00E5A05A /* readme.md */; };
/* End PBXBuildFile section */

/* Begin PBXFileReference section */
		43C1DEE027EB5AFD007939B7 /* Constants.swift */ = {isa = PBXFileReference; lastKnownFileType = sourcecode.swift; path = Constants.swift; sourceTree = "<group>"; };
		570324892683323400E5A05A /* WellnestBLE.framework */ = {isa = PBXFileReference; explicitFileType = wrapper.framework; includeInIndex = 0; path = WellnestBLE.framework; sourceTree = BUILT_PRODUCTS_DIR; };
		5703248C2683323400E5A05A /* WellnestBLE.h */ = {isa = PBXFileReference; lastKnownFileType = sourcecode.c.h; path = WellnestBLE.h; sourceTree = "<group>"; };
		5703248D2683323400E5A05A /* Info.plist */ = {isa = PBXFileReference; lastKnownFileType = text.plist.xml; path = Info.plist; sourceTree = "<group>"; };
		570324952683324E00E5A05A /* CommunicationHandler.swift */ = {isa = PBXFileReference; fileEncoding = 4; lastKnownFileType = sourcecode.swift; path = CommunicationHandler.swift; sourceTree = "<group>"; };
		570324962683324E00E5A05A /* DataParser.swift */ = {isa = PBXFileReference; fileEncoding = 4; lastKnownFileType = sourcecode.swift; path = DataParser.swift; sourceTree = "<group>"; };
		570324972683324E00E5A05A /* BLEConnection.swift */ = {isa = PBXFileReference; fileEncoding = 4; lastKnownFileType = sourcecode.swift; path = BLEConnection.swift; sourceTree = "<group>"; };
		570324982683324E00E5A05A /* WellnestBLE.swift */ = {isa = PBXFileReference; fileEncoding = 4; lastKnownFileType = sourcecode.swift; path = WellnestBLE.swift; sourceTree = "<group>"; };
		570324992683324E00E5A05A /* MockBLEConnection.swift */ = {isa = PBXFileReference; fileEncoding = 4; lastKnownFileType = sourcecode.swift; path = MockBLEConnection.swift; sourceTree = "<group>"; };
		5703249A2683324E00E5A05A /* WellnestPeripheral.swift */ = {isa = PBXFileReference; fileEncoding = 4; lastKnownFileType = sourcecode.swift; path = WellnestPeripheral.swift; sourceTree = "<group>"; };
		570324B426833C6E00E5A05A /* readme.md */ = {isa = PBXFileReference; lastKnownFileType = net.daringfireball.markdown; path = readme.md; sourceTree = "<group>"; };
/* End PBXFileReference section */

/* Begin PBXFrameworksBuildPhase section */
		570324862683323400E5A05A /* Frameworks */ = {
			isa = PBXFrameworksBuildPhase;
			buildActionMask = 2147483647;
			files = (
				570324A42683329E00E5A05A /* CryptoSwift in Frameworks */,
			);
			runOnlyForDeploymentPostprocessing = 0;
		};
/* End PBXFrameworksBuildPhase section */

/* Begin PBXGroup section */
		5703247F2683323400E5A05A = {
			isa = PBXGroup;
			children = (
				5703248B2683323400E5A05A /* WellnestBLE */,
				5703248A2683323400E5A05A /* Products */,
			);
			sourceTree = "<group>";
		};
		5703248A2683323400E5A05A /* Products */ = {
			isa = PBXGroup;
			children = (
				570324892683323400E5A05A /* WellnestBLE.framework */,
			);
			name = Products;
			sourceTree = "<group>";
		};
		5703248B2683323400E5A05A /* WellnestBLE */ = {
			isa = PBXGroup;
			children = (
				570324972683324E00E5A05A /* BLEConnection.swift */,
				570324952683324E00E5A05A /* CommunicationHandler.swift */,
				570324982683324E00E5A05A /* WellnestBLE.swift */,
				570324962683324E00E5A05A /* DataParser.swift */,
				570324992683324E00E5A05A /* MockBLEConnection.swift */,
				5703249A2683324E00E5A05A /* WellnestPeripheral.swift */,
				570324B426833C6E00E5A05A /* readme.md */,
				5703248C2683323400E5A05A /* WellnestBLE.h */,
				5703248D2683323400E5A05A /* Info.plist */,
				43C1DEE027EB5AFD007939B7 /* Constants.swift */,
			);
			path = WellnestBLE;
			sourceTree = "<group>";
		};
/* End PBXGroup section */

/* Begin PBXHeadersBuildPhase section */
		570324842683323400E5A05A /* Headers */ = {
			isa = PBXHeadersBuildPhase;
			buildActionMask = 2147483647;
			files = (
				5703248E2683323400E5A05A /* WellnestBLE.h in Headers */,
			);
			runOnlyForDeploymentPostprocessing = 0;
		};
/* End PBXHeadersBuildPhase section */

/* Begin PBXNativeTarget section */
		570324882683323400E5A05A /* WellnestBLE */ = {
			isa = PBXNativeTarget;
			buildConfigurationList = 570324912683323400E5A05A /* Build configuration list for PBXNativeTarget "WellnestBLE" */;
			buildPhases = (
				570324842683323400E5A05A /* Headers */,
				570324852683323400E5A05A /* Sources */,
				570324862683323400E5A05A /* Frameworks */,
				570324872683323400E5A05A /* Resources */,
			);
			buildRules = (
			);
			dependencies = (
			);
			name = WellnestBLE;
			packageProductDependencies = (
				570324A32683329E00E5A05A /* CryptoSwift */,
			);
			productName = WellnestBLE;
			productReference = 570324892683323400E5A05A /* WellnestBLE.framework */;
			productType = "com.apple.product-type.framework";
		};
/* End PBXNativeTarget section */

/* Begin PBXProject section */
		570324802683323400E5A05A /* Project object */ = {
			isa = PBXProject;
			attributes = {
				LastUpgradeCheck = 1240;
				TargetAttributes = {
					570324882683323400E5A05A = {
						CreatedOnToolsVersion = 12.4;
						LastSwiftMigration = 1240;
					};
				};
			};
			buildConfigurationList = 570324832683323400E5A05A /* Build configuration list for PBXProject "WellnestBLE" */;
			compatibilityVersion = "Xcode 9.3";
			developmentRegion = en;
			hasScannedForEncodings = 0;
			knownRegions = (
				en,
				Base,
			);
			mainGroup = 5703247F2683323400E5A05A;
			packageReferences = (
				570324A22683329E00E5A05A /* XCRemoteSwiftPackageReference "CryptoSwift" */,
			);
			productRefGroup = 5703248A2683323400E5A05A /* Products */;
			projectDirPath = "";
			projectRoot = "";
			targets = (
				570324882683323400E5A05A /* WellnestBLE */,
			);
		};
/* End PBXProject section */

/* Begin PBXResourcesBuildPhase section */
		570324872683323400E5A05A /* Resources */ = {
			isa = PBXResourcesBuildPhase;
			buildActionMask = 2147483647;
			files = (
				570324B526833C6E00E5A05A /* readme.md in Resources */,
			);
			runOnlyForDeploymentPostprocessing = 0;
		};
/* End PBXResourcesBuildPhase section */

/* Begin PBXSourcesBuildPhase section */
		570324852683323400E5A05A /* Sources */ = {
			isa = PBXSourcesBuildPhase;
			buildActionMask = 2147483647;
			files = (
				5703249E2683324E00E5A05A /* WellnestBLE.swift in Sources */,
				5703249D2683324E00E5A05A /* BLEConnection.swift in Sources */,
				5703249C2683324E00E5A05A /* DataParser.swift in Sources */,
				570324A02683324E00E5A05A /* WellnestPeripheral.swift in Sources */,
				43C1DEE127EB5AFD007939B7 /* Constants.swift in Sources */,
				5703249B2683324E00E5A05A /* CommunicationHandler.swift in Sources */,
				5703249F2683324E00E5A05A /* MockBLEConnection.swift in Sources */,
			);
			runOnlyForDeploymentPostprocessing = 0;
		};
/* End PBXSourcesBuildPhase section */

/* Begin XCBuildConfiguration section */
		5703248F2683323400E5A05A /* Debug */ = {
			isa = XCBuildConfiguration;
			buildSettings = {
				ALWAYS_SEARCH_USER_PATHS = NO;
				CLANG_ANALYZER_NONNULL = YES;
				CLANG_ANALYZER_NUMBER_OBJECT_CONVERSION = YES_AGGRESSIVE;
				CLANG_CXX_LANGUAGE_STANDARD = "gnu++14";
				CLANG_CXX_LIBRARY = "libc++";
				CLANG_ENABLE_MODULES = YES;
				CLANG_ENABLE_OBJC_ARC = YES;
				CLANG_ENABLE_OBJC_WEAK = YES;
				CLANG_WARN_BLOCK_CAPTURE_AUTORELEASING = YES;
				CLANG_WARN_BOOL_CONVERSION = YES;
				CLANG_WARN_COMMA = YES;
				CLANG_WARN_CONSTANT_CONVERSION = YES;
				CLANG_WARN_DEPRECATED_OBJC_IMPLEMENTATIONS = YES;
				CLANG_WARN_DIRECT_OBJC_ISA_USAGE = YES_ERROR;
				CLANG_WARN_DOCUMENTATION_COMMENTS = YES;
				CLANG_WARN_EMPTY_BODY = YES;
				CLANG_WARN_ENUM_CONVERSION = YES;
				CLANG_WARN_INFINITE_RECURSION = YES;
				CLANG_WARN_INT_CONVERSION = YES;
				CLANG_WARN_NON_LITERAL_NULL_CONVERSION = YES;
				CLANG_WARN_OBJC_IMPLICIT_RETAIN_SELF = YES;
				CLANG_WARN_OBJC_LITERAL_CONVERSION = YES;
				CLANG_WARN_OBJC_ROOT_CLASS = YES_ERROR;
				CLANG_WARN_QUOTED_INCLUDE_IN_FRAMEWORK_HEADER = YES;
				CLANG_WARN_RANGE_LOOP_ANALYSIS = YES;
				CLANG_WARN_STRICT_PROTOTYPES = YES;
				CLANG_WARN_SUSPICIOUS_MOVE = YES;
				CLANG_WARN_UNGUARDED_AVAILABILITY = YES_AGGRESSIVE;
				CLANG_WARN_UNREACHABLE_CODE = YES;
				CLANG_WARN__DUPLICATE_METHOD_MATCH = YES;
				COPY_PHASE_STRIP = NO;
				CURRENT_PROJECT_VERSION = 1;
				DEBUG_INFORMATION_FORMAT = dwarf;
				ENABLE_STRICT_OBJC_MSGSEND = YES;
				ENABLE_TESTABILITY = YES;
				GCC_C_LANGUAGE_STANDARD = gnu11;
				GCC_DYNAMIC_NO_PIC = NO;
				GCC_NO_COMMON_BLOCKS = YES;
				GCC_OPTIMIZATION_LEVEL = 0;
				GCC_PREPROCESSOR_DEFINITIONS = (
					"DEBUG=1",
					"$(inherited)",
				);
				GCC_WARN_64_TO_32_BIT_CONVERSION = YES;
				GCC_WARN_ABOUT_RETURN_TYPE = YES_ERROR;
				GCC_WARN_UNDECLARED_SELECTOR = YES;
				GCC_WARN_UNINITIALIZED_AUTOS = YES_AGGRESSIVE;
				GCC_WARN_UNUSED_FUNCTION = YES;
				GCC_WARN_UNUSED_VARIABLE = YES;
				IPHONEOS_DEPLOYMENT_TARGET = 12.1;
				MTL_ENABLE_DEBUG_INFO = INCLUDE_SOURCE;
				MTL_FAST_MATH = YES;
				ONLY_ACTIVE_ARCH = YES;
				SDKROOT = iphoneos;
				SWIFT_ACTIVE_COMPILATION_CONDITIONS = DEBUG;
				SWIFT_OPTIMIZATION_LEVEL = "-Onone";
				VERSIONING_SYSTEM = "apple-generic";
				VERSION_INFO_PREFIX = "";
			};
			name = Debug;
		};
		570324902683323400E5A05A /* Release */ = {
			isa = XCBuildConfiguration;
			buildSettings = {
				ALWAYS_SEARCH_USER_PATHS = NO;
				CLANG_ANALYZER_NONNULL = YES;
				CLANG_ANALYZER_NUMBER_OBJECT_CONVERSION = YES_AGGRESSIVE;
				CLANG_CXX_LANGUAGE_STANDARD = "gnu++14";
				CLANG_CXX_LIBRARY = "libc++";
				CLANG_ENABLE_MODULES = YES;
				CLANG_ENABLE_OBJC_ARC = YES;
				CLANG_ENABLE_OBJC_WEAK = YES;
				CLANG_WARN_BLOCK_CAPTURE_AUTORELEASING = YES;
				CLANG_WARN_BOOL_CONVERSION = YES;
				CLANG_WARN_COMMA = YES;
				CLANG_WARN_CONSTANT_CONVERSION = YES;
				CLANG_WARN_DEPRECATED_OBJC_IMPLEMENTATIONS = YES;
				CLANG_WARN_DIRECT_OBJC_ISA_USAGE = YES_ERROR;
				CLANG_WARN_DOCUMENTATION_COMMENTS = YES;
				CLANG_WARN_EMPTY_BODY = YES;
				CLANG_WARN_ENUM_CONVERSION = YES;
				CLANG_WARN_INFINITE_RECURSION = YES;
				CLANG_WARN_INT_CONVERSION = YES;
				CLANG_WARN_NON_LITERAL_NULL_CONVERSION = YES;
				CLANG_WARN_OBJC_IMPLICIT_RETAIN_SELF = YES;
				CLANG_WARN_OBJC_LITERAL_CONVERSION = YES;
				CLANG_WARN_OBJC_ROOT_CLASS = YES_ERROR;
				CLANG_WARN_QUOTED_INCLUDE_IN_FRAMEWORK_HEADER = YES;
				CLANG_WARN_RANGE_LOOP_ANALYSIS = YES;
				CLANG_WARN_STRICT_PROTOTYPES = YES;
				CLANG_WARN_SUSPICIOUS_MOVE = YES;
				CLANG_WARN_UNGUARDED_AVAILABILITY = YES_AGGRESSIVE;
				CLANG_WARN_UNREACHABLE_CODE = YES;
				CLANG_WARN__DUPLICATE_METHOD_MATCH = YES;
				COPY_PHASE_STRIP = NO;
				CURRENT_PROJECT_VERSION = 1;
				DEBUG_INFORMATION_FORMAT = "dwarf-with-dsym";
				ENABLE_NS_ASSERTIONS = NO;
				ENABLE_STRICT_OBJC_MSGSEND = YES;
				GCC_C_LANGUAGE_STANDARD = gnu11;
				GCC_NO_COMMON_BLOCKS = YES;
				GCC_WARN_64_TO_32_BIT_CONVERSION = YES;
				GCC_WARN_ABOUT_RETURN_TYPE = YES_ERROR;
				GCC_WARN_UNDECLARED_SELECTOR = YES;
				GCC_WARN_UNINITIALIZED_AUTOS = YES_AGGRESSIVE;
				GCC_WARN_UNUSED_FUNCTION = YES;
				GCC_WARN_UNUSED_VARIABLE = YES;
				IPHONEOS_DEPLOYMENT_TARGET = 12.1;
				MTL_ENABLE_DEBUG_INFO = NO;
				MTL_FAST_MATH = YES;
				SDKROOT = iphoneos;
				SWIFT_COMPILATION_MODE = wholemodule;
				SWIFT_OPTIMIZATION_LEVEL = "-O";
				VALIDATE_PRODUCT = YES;
				VERSIONING_SYSTEM = "apple-generic";
				VERSION_INFO_PREFIX = "";
			};
			name = Release;
		};
		570324922683323400E5A05A /* Debug */ = {
			isa = XCBuildConfiguration;
			buildSettings = {
				CLANG_ENABLE_MODULES = YES;
				CODE_SIGN_IDENTITY = "Apple Development";
				"CODE_SIGN_IDENTITY[sdk=macosx*]" = "Apple Development";
				CODE_SIGN_STYLE = Automatic;
				DEFINES_MODULE = YES;
				DEVELOPMENT_TEAM = PLFW27U9D2;
				DYLIB_COMPATIBILITY_VERSION = 1;
				DYLIB_CURRENT_VERSION = 1;
				DYLIB_INSTALL_NAME_BASE = "@rpath";
				INFOPLIST_FILE = WellnestBLE/Info.plist;
				INSTALL_PATH = "$(LOCAL_LIBRARY_DIR)/Frameworks";
				IPHONEOS_DEPLOYMENT_TARGET = 13.0;
				LD_RUNPATH_SEARCH_PATHS = (
					"$(inherited)",
					"@executable_path/Frameworks",
					"@loader_path/Frameworks",
				);
				PRODUCT_BUNDLE_IDENTIFIER = com.rc.WellnestBLE;
				PRODUCT_NAME = "$(TARGET_NAME:c99extidentifier)";
				PROVISIONING_PROFILE_SPECIFIER = "";
				"PROVISIONING_PROFILE_SPECIFIER[sdk=macosx*]" = "";
				SKIP_INSTALL = YES;
				SWIFT_OPTIMIZATION_LEVEL = "-Onone";
				SWIFT_VERSION = 5.0;
				TARGETED_DEVICE_FAMILY = "1,2";
			};
			name = Debug;
		};
		570324932683323400E5A05A /* Release */ = {
			isa = XCBuildConfiguration;
			buildSettings = {
				CLANG_ENABLE_MODULES = YES;
				CODE_SIGN_IDENTITY = "Apple Development";
				"CODE_SIGN_IDENTITY[sdk=macosx*]" = "Apple Development";
				CODE_SIGN_STYLE = Automatic;
				DEFINES_MODULE = YES;
				DEVELOPMENT_TEAM = PLFW27U9D2;
				DYLIB_COMPATIBILITY_VERSION = 1;
				DYLIB_CURRENT_VERSION = 1;
				DYLIB_INSTALL_NAME_BASE = "@rpath";
				INFOPLIST_FILE = WellnestBLE/Info.plist;
				INSTALL_PATH = "$(LOCAL_LIBRARY_DIR)/Frameworks";
				IPHONEOS_DEPLOYMENT_TARGET = 13.0;
				LD_RUNPATH_SEARCH_PATHS = (
					"$(inherited)",
					"@executable_path/Frameworks",
					"@loader_path/Frameworks",
				);
				PRODUCT_BUNDLE_IDENTIFIER = com.rc.WellnestBLE;
				PRODUCT_NAME = "$(TARGET_NAME:c99extidentifier)";
				PROVISIONING_PROFILE_SPECIFIER = "";
				"PROVISIONING_PROFILE_SPECIFIER[sdk=macosx*]" = "";
				SKIP_INSTALL = YES;
				SWIFT_VERSION = 5.0;
				TARGETED_DEVICE_FAMILY = "1,2";
			};
			name = Release;
		};
/* End XCBuildConfiguration section */

/* Begin XCConfigurationList section */
		570324832683323400E5A05A /* Build configuration list for PBXProject "WellnestBLE" */ = {
			isa = XCConfigurationList;
			buildConfigurations = (
				5703248F2683323400E5A05A /* Debug */,
				570324902683323400E5A05A /* Release */,
			);
			defaultConfigurationIsVisible = 0;
			defaultConfigurationName = Release;
		};
		570324912683323400E5A05A /* Build configuration list for PBXNativeTarget "WellnestBLE" */ = {
			isa = XCConfigurationList;
			buildConfigurations = (
				570324922683323400E5A05A /* Debug */,
				570324932683323400E5A05A /* Release */,
			);
			defaultConfigurationIsVisible = 0;
			defaultConfigurationName = Release;
		};
/* End XCConfigurationList section */

/* Begin XCRemoteSwiftPackageReference section */
		570324A22683329E00E5A05A /* XCRemoteSwiftPackageReference "CryptoSwift" */ = {
			isa = XCRemoteSwiftPackageReference;
			repositoryURL = "https://github.com/krzyzanowskim/CryptoSwift.git";
			requirement = {
				kind = upToNextMajorVersion;
				minimumVersion = 1.4.0;
			};
		};
/* End XCRemoteSwiftPackageReference section */

/* Begin XCSwiftPackageProductDependency section */
		570324A32683329E00E5A05A /* CryptoSwift */ = {
			isa = XCSwiftPackageProductDependency;
			package = 570324A22683329E00E5A05A /* XCRemoteSwiftPackageReference "CryptoSwift" */;
			productName = CryptoSwift;
		};
/* End XCSwiftPackageProductDependency section */
	};
	rootObject = 570324802683323400E5A05A /* Project object */;
}
